
Microsoft Visual Studio Solution File, Format Version 12.00
# Visual Studio Version 17
VisualStudioVersion = 17.11.35219.272
MinimumVisualStudioVersion = 10.0.40219.1
Project("{2150E333-8FDC-42A3-9474-1A3956D46DE8}") = "Article", "Article", "{1498806A-670A-4068-8097-56715B11733E}"
EndProject
Project("{2150E333-8FDC-42A3-9474-1A3956D46DE8}") = "Writer", "Writer", "{2E4F38DF-472F-4EA8-8DBD-09A9618B5CBC}"
EndProject
Project("{2150E333-8FDC-42A3-9474-1A3956D46DE8}") = "ApiGateway", "ApiGateway", "{250BBF5B-7FCA-4774-ABD3-5214B997ECA4}"
EndProject
Project("{9A19103F-16F7-4668-BE54-9A1E7A4F7556}") = "Writer.Api", "Writer.Api\Writer.Api.csproj", "{821407D8-6864-4BCA-A204-17CE1CE36438}"
EndProject
Project("{FAE04EC0-301F-11D3-BF4B-00C04F79EFBC}") = "Article.Api", "Article.Api\Article.Api.csproj", "{2D4C20C2-28EA-46CC-A2A8-AED21FF49F78}"
EndProject
Project("{FAE04EC0-301F-11D3-BF4B-00C04F79EFBC}") = "ApiGateway", "ApiGateway\ApiGateway.csproj", "{8A081BBF-DD59-4513-9A2B-FBDEF0B29DD9}"
EndProject
Global
	GlobalSection(SolutionConfigurationPlatforms) = preSolution
		Debug|Any CPU = Debug|Any CPU
		Release|Any CPU = Release|Any CPU
	EndGlobalSection
	GlobalSection(ProjectConfigurationPlatforms) = postSolution
		{821407D8-6864-4BCA-A204-17CE1CE36438}.Debug|Any CPU.ActiveCfg = Debug|Any CPU
		{821407D8-6864-4BCA-A204-17CE1CE36438}.Debug|Any CPU.Build.0 = Debug|Any CPU
		{821407D8-6864-4BCA-A204-17CE1CE36438}.Release|Any CPU.ActiveCfg = Release|Any CPU
		{821407D8-6864-4BCA-A204-17CE1CE36438}.Release|Any CPU.Build.0 = Release|Any CPU
		{2D4C20C2-28EA-46CC-A2A8-AED21FF49F78}.Debug|Any CPU.ActiveCfg = Debug|Any CPU
		{2D4C20C2-28EA-46CC-A2A8-AED21FF49F78}.Debug|Any CPU.Build.0 = Debug|Any CPU
		{2D4C20C2-28EA-46CC-A2A8-AED21FF49F78}.Release|Any CPU.ActiveCfg = Release|Any CPU
		{2D4C20C2-28EA-46CC-A2A8-AED21FF49F78}.Release|Any CPU.Build.0 = Release|Any CPU
		{8A081BBF-DD59-4513-9A2B-FBDEF0B29DD9}.Debug|Any CPU.ActiveCfg = Debug|Any CPU
		{8A081BBF-DD59-4513-9A2B-FBDEF0B29DD9}.Debug|Any CPU.Build.0 = Debug|Any CPU
		{8A081BBF-DD59-4513-9A2B-FBDEF0B29DD9}.Release|Any CPU.ActiveCfg = Release|Any CPU
		{8A081BBF-DD59-4513-9A2B-FBDEF0B29DD9}.Release|Any CPU.Build.0 = Release|Any CPU
	EndGlobalSection
	GlobalSection(SolutionProperties) = preSolution
		HideSolutionNode = FALSE
	EndGlobalSection
	GlobalSection(NestedProjects) = preSolution
		{821407D8-6864-4BCA-A204-17CE1CE36438} = {2E4F38DF-472F-4EA8-8DBD-09A9618B5CBC}
		{2D4C20C2-28EA-46CC-A2A8-AED21FF49F78} = {1498806A-670A-4068-8097-56715B11733E}
		{8A081BBF-DD59-4513-9A2B-FBDEF0B29DD9} = {250BBF5B-7FCA-4774-ABD3-5214B997ECA4}
	EndGlobalSection
	GlobalSection(ExtensibilityGlobals) = postSolution
		SolutionGuid = {6332D2DC-9871-458A-B309-9E02E8A9EEBE}
	EndGlobalSection
EndGlobal
