
Microsoft Visual Studio Solution File, Format Version 12.00
# Visual Studio Version 17
VisualStudioVersion = 17.11.35219.272
MinimumVisualStudioVersion = 10.0.40219.1
Project("{FAE04EC0-301F-11D3-BF4B-00C04F79EFBC}") = "Radore_JWT", "Radore_JWT\Radore_JWT.csproj", "{0D843F7A-0517-4E27-83B0-63C6D3668C84}"
EndProject
Global
	GlobalSection(SolutionConfigurationPlatforms) = preSolution
		Debug|Any CPU = Debug|Any CPU
		Release|Any CPU = Release|Any CPU
	EndGlobalSection
	GlobalSection(ProjectConfigurationPlatforms) = postSolution
		{0D843F7A-0517-4E27-83B0-63C6D3668C84}.Debug|Any CPU.ActiveCfg = Debug|Any CPU
		{0D843F7A-0517-4E27-83B0-63C6D3668C84}.Debug|Any CPU.Build.0 = Debug|Any CPU
		{0D843F7A-0517-4E27-83B0-63C6D3668C84}.Release|Any CPU.ActiveCfg = Release|Any CPU
		{0D843F7A-0517-4E27-83B0-63C6D3668C84}.Release|Any CPU.Build.0 = Release|Any CPU
	EndGlobalSection
	GlobalSection(SolutionProperties) = preSolution
		HideSolutionNode = FALSE
	EndGlobalSection
	GlobalSection(ExtensibilityGlobals) = postSolution
		SolutionGuid = {33F8BF82-9317-4DBE-9CC2-A69A21C78C33}
	EndGlobalSection
EndGlobal
